<?xml version="1.0" encoding="utf-8"?>
<Project ToolsVersion="4.0" xmlns="http://schemas.microsoft.com/developer/msbuild/2003">
  <ItemGroup>
    <Filter Include="Source Files">
      <UniqueIdentifier>{4FC737F1-C7A5-4376-A066-2A32D752A2FF}</UniqueIdentifier>
      <Extensions>cpp;c;cc;cxx;c++;cppm;ixx;def;odl;idl;hpj;bat;asm;asmx</Extensions>
    </Filter>
    <Filter Include="Header Files">
      <UniqueIdentifier>{93995380-89BD-4b04-88EB-625FBE52EBFB}</UniqueIdentifier>
      <Extensions>h;hh;hpp;hxx;h++;hm;inl;inc;ipp;xsd</Extensions>
    </Filter>
    <Filter Include="Resource Files">
      <UniqueIdentifier>{67DA6AB6-F800-4c08-8B7A-83BB121AAD01}</UniqueIdentifier>
      <Extensions>rc;ico;cur;bmp;dlg;rc2;rct;bin;rgs;gif;jpg;jpeg;jpe;resx;tiff;tif;png;wav;mfcribbon-ms</Extensions>
    </Filter>
  </ItemGroup>
  <ItemGroup>
    <ClCompile Include="entrypoint.cpp">
      <Filter>Source Files</Filter>
    </ClCompile>
    <ClCompile Include="ImGui\imgui.cpp">
      <Filter>Source Files</Filter>
    </ClCompile>
    <ClCompile Include="ImGui\imgui_demo.cpp">
      <Filter>Source Files</Filter>
    </ClCompile>
    <ClCompile Include="ImGui\imgui_draw.cpp">
      <Filter>Source Files</Filter>
    </ClCompile>
    <ClCompile Include="ImGui\imgui_impl_dx11.cpp">
      <Filter>Source Files</Filter>
    </ClCompile>
    <ClCompile Include="ImGui\imgui_impl_win32.cpp">
      <Filter>Source Files</Filter>
    </ClCompile>
    <ClCompile Include="ImGui\imgui_tables.cpp">
      <Filter>Source Files</Filter>
    </ClCompile>
    <ClCompile Include="ImGui\imgui_widgets.cpp">
      <Filter>Source Files</Filter>
    </ClCompile>
    <ClCompile Include="initalizer.cpp">
      <Filter>Source Files</Filter>
    </ClCompile>
    <ClCompile Include="drv_image\drv_image.cpp">
      <Filter>Source Files</Filter>
    </ClCompile>
    <ClCompile Include="vdm_ctx\vdm_ctx.cpp">
      <Filter>Source Files</Filter>
    </ClCompile>
  </ItemGroup>
  <ItemGroup>
    <ClInclude Include="offsets.hpp">
      <Filter>Header Files</Filter>
    </ClInclude>
    <ClInclude Include="sdk.hpp">
      <Filter>Header Files</Filter>
    </ClInclude>
    <ClInclude Include="game.hpp">
      <Filter>Header Files</Filter>
    </ClInclude>
    <ClInclude Include="ImGui\imconfig.h">
      <Filter>Header Files</Filter>
    </ClInclude>
    <ClInclude Include="ImGui\imgui.h">
      <Filter>Header Files</Filter>
    </ClInclude>
    <ClInclude Include="ImGui\imgui_impl_dx11.h">
      <Filter>Header Files</Filter>
    </ClInclude>
    <ClInclude Include="ImGui\imgui_impl_win32.h">
      <Filter>Header Files</Filter>
    </ClInclude>
    <ClInclude Include="ImGui\imgui_internal.h">
      <Filter>Header Files</Filter>
    </ClInclude>
    <ClInclude Include="ImGui\imstb_rectpack.h">
      <Filter>Header Files</Filter>
    </ClInclude>
    <ClInclude Include="ImGui\imstb_textedit.h">
      <Filter>Header Files</Filter>
    </ClInclude>
    <ClInclude Include="ImGui\imstb_truetype.h">
      <Filter>Header Files</Filter>
    </ClInclude>
    <ClInclude Include="settings.hpp">
      <Filter>Header Files</Filter>
    </ClInclude>
    <ClInclude Include="initalizer.hpp">
      <Filter>Header Files</Filter>
    </ClInclude>
    <ClInclude Include="driver.hpp">
      <Filter>Header Files</Filter>
    </ClInclude>
    <ClInclude Include="drv_image\drv_image.hpp">
      <Filter>Header Files</Filter>
    </ClInclude>
    <ClInclude Include="util\loadup.hpp">
      <Filter>Header Files</Filter>
    </ClInclude>
    <ClInclude Include="util\nt.hpp">
      <Filter>Header Files</Filter>
    </ClInclude>
    <ClInclude Include="util\util.hpp">
      <Filter>Header Files</Filter>
    </ClInclude>
    <ClInclude Include="vdm\raw_driver.hpp">
      <Filter>Header Files</Filter>
    </ClInclude>
    <ClInclude Include="vdm\vdm.hpp">
      <Filter>Header Files</Filter>
    </ClInclude>
    <ClInclude Include="vdm_ctx\vdm_ctx.hpp">
      <Filter>Header Files</Filter>
    </ClInclude>
    <ClInclude Include="render.hpp">
      <Filter>Header Files</Filter>
    </ClInclude>
    <ClInclude Include="string_hider.h">
      <Filter>Header Files</Filter>
    </ClInclude>
    <ClInclude Include="spoof.h">
      <Filter>Header Files</Filter>
    </ClInclude>
    <ClInclude Include="import_spoof.h">
      <Filter>Header Files</Filter>
    </ClInclude>
    <ClInclude Include="function_spoofer.h">
      <Filter>Header Files</Filter>
    </ClInclude>
    <ClInclude Include="aimbot.hpp">
      <Filter>Header Files</Filter>
    </ClInclude>
    <ClInclude Include="ida.hpp">
      <Filter>Header Files</Filter>
    </ClInclude>
    <ClInclude Include="keybind.hpp">
      <Filter>Header Files</Filter>
    </ClInclude>
    <ClInclude Include="particles.hpp">
      <Filter>Header Files</Filter>
    </ClInclude>
    <ClInclude Include="Flux\flux.hpp">
      <Filter>Header Files</Filter>
    </ClInclude>
  </ItemGroup>
  <ItemGroup>
    <Library Include="Flux\FluxSDK.lib" />
    <Library Include="Flux\FluxSDK_x86.lib" />
    <Library Include="ImGui\d3dx11.lib" />
  </ItemGroup>
</Project>